
Microsoft Visual Studio Solution File, Format Version 12.00
# Visual Studio Version 17
VisualStudioVersion = 17.7.34031.279
MinimumVisualStudioVersion = 10.0.40219.1
Project("{FAE04EC0-301F-11D3-BF4B-00C04F79EFBC}") = "MIS3033_LC_1106_AndrewSchmidt", "MIS3033_LC_1106_AndrewSchmidt.csproj", "{BDB5C61C-1A59-4E15-8469-992524DFC1F0}"
EndProject
Global
	GlobalSection(SolutionConfigurationPlatforms) = preSolution
		Debug|Any CPU = Debug|Any CPU
		Release|Any CPU = Release|Any CPU
	EndGlobalSection
	GlobalSection(ProjectConfigurationPlatforms) = postSolution
		{BDB5C61C-1A59-4E15-8469-992524DFC1F0}.Debug|Any CPU.ActiveCfg = Debug|Any CPU
		{BDB5C61C-1A59-4E15-8469-992524DFC1F0}.Debug|Any CPU.Build.0 = Debug|Any CPU
		{BDB5C61C-1A59-4E15-8469-992524DFC1F0}.Release|Any CPU.ActiveCfg = Release|Any CPU
		{BDB5C61C-1A59-4E15-8469-992524DFC1F0}.Release|Any CPU.Build.0 = Release|Any CPU
	EndGlobalSection
	GlobalSection(SolutionProperties) = preSolution
		HideSolutionNode = FALSE
	EndGlobalSection
	GlobalSection(ExtensibilityGlobals) = postSolution
		SolutionGuid = {16F9AEA6-7303-4394-A3BC-A9FB64BF4F65}
	EndGlobalSection
EndGlobal
