
Microsoft Visual Studio Solution File, Format Version 12.00
# Visual Studio Version 17
VisualStudioVersion = 17.7.34031.279
MinimumVisualStudioVersion = 10.0.40219.1
Project("{FAE04EC0-301F-11D3-BF4B-00C04F79EFBC}") = "MIS3033_HW7_AndrewSchmidt", "MIS3033_HW7_AndrewSchmidt.csproj", "{21B20129-464A-47A6-80AB-CC2312EEDD7C}"
EndProject
Global
	GlobalSection(SolutionConfigurationPlatforms) = preSolution
		Debug|Any CPU = Debug|Any CPU
		Release|Any CPU = Release|Any CPU
	EndGlobalSection
	GlobalSection(ProjectConfigurationPlatforms) = postSolution
		{21B20129-464A-47A6-80AB-CC2312EEDD7C}.Debug|Any CPU.ActiveCfg = Debug|Any CPU
		{21B20129-464A-47A6-80AB-CC2312EEDD7C}.Debug|Any CPU.Build.0 = Debug|Any CPU
		{21B20129-464A-47A6-80AB-CC2312EEDD7C}.Release|Any CPU.ActiveCfg = Release|Any CPU
		{21B20129-464A-47A6-80AB-CC2312EEDD7C}.Release|Any CPU.Build.0 = Release|Any CPU
	EndGlobalSection
	GlobalSection(SolutionProperties) = preSolution
		HideSolutionNode = FALSE
	EndGlobalSection
	GlobalSection(ExtensibilityGlobals) = postSolution
		SolutionGuid = {33B28AF4-B785-4DC9-BB02-A812A55A35A3}
	EndGlobalSection
EndGlobal
